
Microsoft Visual Studio Solution File, Format Version 12.00
# Visual Studio 15
VisualStudioVersion = 15.0.27130.2036
MinimumVisualStudioVersion = 10.0.40219.1
Project("{FAE04EC0-301F-11D3-BF4B-00C04F79EFBC}") = "WebAppy", "WebAppy\WebAppy.csproj", "{3230C14A-FA6F-44E9-BD17-1C76CDD0F407}"
EndProject
Global
	GlobalSection(SolutionConfigurationPlatforms) = preSolution
		Debug|Any CPU = Debug|Any CPU
		Release|Any CPU = Release|Any CPU
	EndGlobalSection
	GlobalSection(ProjectConfigurationPlatforms) = postSolution
		{3230C14A-FA6F-44E9-BD17-1C76CDD0F407}.Debug|Any CPU.ActiveCfg = Debug|Any CPU
		{3230C14A-FA6F-44E9-BD17-1C76CDD0F407}.Debug|Any CPU.Build.0 = Debug|Any CPU
		{3230C14A-FA6F-44E9-BD17-1C76CDD0F407}.Release|Any CPU.ActiveCfg = Release|Any CPU
		{3230C14A-FA6F-44E9-BD17-1C76CDD0F407}.Release|Any CPU.Build.0 = Release|Any CPU
	EndGlobalSection
	GlobalSection(SolutionProperties) = preSolution
		HideSolutionNode = FALSE
	EndGlobalSection
	GlobalSection(ExtensibilityGlobals) = postSolution
		SolutionGuid = {D87D61AF-F855-4043-8DB5-185BA11D81C6}
	EndGlobalSection
EndGlobal
